
Microsoft Visual Studio Solution File, Format Version 12.00
# Visual Studio Version 16
VisualStudioVersion = 16.0.30204.135
MinimumVisualStudioVersion = 10.0.40219.1
Project("{FAE04EC0-301F-11D3-BF4B-00C04F79EFBC}") = "RRFFilesManager", "RRFFilesManager\RRFFilesManager.csproj", "{1E82F15C-AEC4-4DFF-95B1-3F8CF80C1391}"
EndProject
Global
	GlobalSection(SolutionConfigurationPlatforms) = preSolution
		Debug|Any CPU = Debug|Any CPU
		Release|Any CPU = Release|Any CPU
	EndGlobalSection
	GlobalSection(ProjectConfigurationPlatforms) = postSolution
		{1E82F15C-AEC4-4DFF-95B1-3F8CF80C1391}.Debug|Any CPU.ActiveCfg = Debug|Any CPU
		{1E82F15C-AEC4-4DFF-95B1-3F8CF80C1391}.Debug|Any CPU.Build.0 = Debug|Any CPU
		{1E82F15C-AEC4-4DFF-95B1-3F8CF80C1391}.Release|Any CPU.ActiveCfg = Release|Any CPU
		{1E82F15C-AEC4-4DFF-95B1-3F8CF80C1391}.Release|Any CPU.Build.0 = Release|Any CPU
	EndGlobalSection
	GlobalSection(SolutionProperties) = preSolution
		HideSolutionNode = FALSE
	EndGlobalSection
	GlobalSection(ExtensibilityGlobals) = postSolution
		SolutionGuid = {315394E7-053B-48B1-899B-5F77CA690243}
	EndGlobalSection
EndGlobal
